// !$*UTF8*$!
{
	archiveVersion = 1;
	classes = {
	};
	objectVersion = 50;
	objects = {

/* Begin PBXBuildFile section */
		A20418BE223B207F003C401E /* FavoriteTableViewCell.swift in Sources */ = {isa = PBXBuildFile; fileRef = A20418BD223B207F003C401E /* FavoriteTableViewCell.swift */; };
		A26D379F223304A70028A6FF /* AppDelegate.swift in Sources */ = {isa = PBXBuildFile; fileRef = A26D379E223304A70028A6FF /* AppDelegate.swift */; };
		A26D37A1223304A70028A6FF /* FavoriteViewController.swift in Sources */ = {isa = PBXBuildFile; fileRef = A26D37A0223304A70028A6FF /* FavoriteViewController.swift */; };
		A26D37A4223304A70028A6FF /* Main.storyboard in Resources */ = {isa = PBXBuildFile; fileRef = A26D37A2223304A70028A6FF /* Main.storyboard */; };
		A26D37A9223304A80028A6FF /* LaunchScreen.storyboard in Resources */ = {isa = PBXBuildFile; fileRef = A26D37A7223304A80028A6FF /* LaunchScreen.storyboard */; };
		A26D37B1223308E90028A6FF /* README.md in Resources */ = {isa = PBXBuildFile; fileRef = A26D37B0223308E90028A6FF /* README.md */; };
		A26D37B322330D060028A6FF /* .gitignore in Resources */ = {isa = PBXBuildFile; fileRef = A26D37B222330D060028A6FF /* .gitignore */; };
		A26D37B52233190B0028A6FF /* Pods_BestPrice.framework in Frameworks */ = {isa = PBXBuildFile; fileRef = A26D37B42233190B0028A6FF /* Pods_BestPrice.framework */; };
		A2AD81ED22339B9200C340EC /* Images.xcassets in Resources */ = {isa = PBXBuildFile; fileRef = A2AD81EC22339B9200C340EC /* Images.xcassets */; };
		A2AD81F12234449300C340EC /* ShopsViewController.swift in Sources */ = {isa = PBXBuildFile; fileRef = A2AD81F02234449300C340EC /* ShopsViewController.swift */; };
		A2AD81F3223444CD00C340EC /* Merchandize.swift in Sources */ = {isa = PBXBuildFile; fileRef = A2AD81F2223444CD00C340EC /* Merchandize.swift */; };
		A2AD81F5223444EE00C340EC /* Retailer.swift in Sources */ = {isa = PBXBuildFile; fileRef = A2AD81F4223444EE00C340EC /* Retailer.swift */; };
		A2AD81F72234454800C340EC /* UPCInputViewController.swift in Sources */ = {isa = PBXBuildFile; fileRef = A2AD81F62234454800C340EC /* UPCInputViewController.swift */; };
		A2AD81F92234528600C340EC /* ShopCardCollectionViewCell.swift in Sources */ = {isa = PBXBuildFile; fileRef = A2AD81F82234528600C340EC /* ShopCardCollectionViewCell.swift */; };
		A2AD81FB223473C200C340EC /* ItemDetailViewController.swift in Sources */ = {isa = PBXBuildFile; fileRef = A2AD81FA223473C200C340EC /* ItemDetailViewController.swift */; };
		A2FB40592235B617006E5746 /* WebViewController.swift in Sources */ = {isa = PBXBuildFile; fileRef = A2FB40582235B617006E5746 /* WebViewController.swift */; };
		A2FB405C2236E9F0006E5746 /* GoogleService-Info.plist in Resources */ = {isa = PBXBuildFile; fileRef = A2FB405B2236E9F0006E5746 /* GoogleService-Info.plist */; };
		A2FB40622236EA4A006E5746 /* RegisterViewController.swift in Sources */ = {isa = PBXBuildFile; fileRef = A2FB405D2236EA4A006E5746 /* RegisterViewController.swift */; };
		A2FB40632236EA4A006E5746 /* FBSDKLoginButton.swift in Sources */ = {isa = PBXBuildFile; fileRef = A2FB405E2236EA4A006E5746 /* FBSDKLoginButton.swift */; };
		A2FB40642236EA4A006E5746 /* LoginViewController.swift in Sources */ = {isa = PBXBuildFile; fileRef = A2FB405F2236EA4A006E5746 /* LoginViewController.swift */; };
		A2FB40652236EA4A006E5746 /* UserViewController.swift in Sources */ = {isa = PBXBuildFile; fileRef = A2FB40602236EA4A006E5746 /* UserViewController.swift */; };
		A2FB40662236EA4A006E5746 /* InAppViewController.swift in Sources */ = {isa = PBXBuildFile; fileRef = A2FB40612236EA4A006E5746 /* InAppViewController.swift */; };
		A2FB406A2236EDD2006E5746 /* shop1029.mov in Resources */ = {isa = PBXBuildFile; fileRef = A2FB40692236EDD2006E5746 /* shop1029.mov */; };
		AB1623D0223814B400FF4CE6 /* AccountViewController.swift in Sources */ = {isa = PBXBuildFile; fileRef = AB1623CF223814B400FF4CE6 /* AccountViewController.swift */; };
		AB1623D22238337400FF4CE6 /* AccountNavigationViewController.swift in Sources */ = {isa = PBXBuildFile; fileRef = AB1623D12238337400FF4CE6 /* AccountNavigationViewController.swift */; };
		AB1623D4223853D200FF4CE6 /* UserProfile.swift in Sources */ = {isa = PBXBuildFile; fileRef = AB1623D3223853D200FF4CE6 /* UserProfile.swift */; };
		AB572408223C0E54002365CF /* AltAccountViewController.swift in Sources */ = {isa = PBXBuildFile; fileRef = AB572407223C0E54002365CF /* AltAccountViewController.swift */; };
		BE33AA77223ADF3C00BA8C2B /* CameraScannerViewController.swift in Sources */ = {isa = PBXBuildFile; fileRef = BE33AA76223ADF3C00BA8C2B /* CameraScannerViewController.swift */; };
/* End PBXBuildFile section */

/* Begin PBXFileReference section */
		8503F7C36350375317634FBB /* Pods-BestPrice.release.xcconfig */ = {isa = PBXFileReference; includeInIndex = 1; lastKnownFileType = text.xcconfig; name = "Pods-BestPrice.release.xcconfig"; path = "Target Support Files/Pods-BestPrice/Pods-BestPrice.release.xcconfig"; sourceTree = "<group>"; };
		A20418BD223B207F003C401E /* FavoriteTableViewCell.swift */ = {isa = PBXFileReference; lastKnownFileType = sourcecode.swift; path = FavoriteTableViewCell.swift; sourceTree = "<group>"; };
		A26D379B223304A70028A6FF /* BestPrice.app */ = {isa = PBXFileReference; explicitFileType = wrapper.application; includeInIndex = 0; path = BestPrice.app; sourceTree = BUILT_PRODUCTS_DIR; };
		A26D379E223304A70028A6FF /* AppDelegate.swift */ = {isa = PBXFileReference; lastKnownFileType = sourcecode.swift; path = AppDelegate.swift; sourceTree = "<group>"; };
		A26D37A0223304A70028A6FF /* FavoriteViewController.swift */ = {isa = PBXFileReference; lastKnownFileType = sourcecode.swift; path = FavoriteViewController.swift; sourceTree = "<group>"; };
		A26D37A3223304A70028A6FF /* Base */ = {isa = PBXFileReference; lastKnownFileType = file.storyboard; name = Base; path = Base.lproj/Main.storyboard; sourceTree = "<group>"; };
		A26D37A8223304A80028A6FF /* Base */ = {isa = PBXFileReference; lastKnownFileType = file.storyboard; name = Base; path = Base.lproj/LaunchScreen.storyboard; sourceTree = "<group>"; };
		A26D37AA223304A80028A6FF /* Info.plist */ = {isa = PBXFileReference; lastKnownFileType = text.plist.xml; path = Info.plist; sourceTree = "<group>"; };
		A26D37B0223308E90028A6FF /* README.md */ = {isa = PBXFileReference; fileEncoding = 4; lastKnownFileType = net.daringfireball.markdown; path = README.md; sourceTree = SOURCE_ROOT; };
		A26D37B222330D060028A6FF /* .gitignore */ = {isa = PBXFileReference; fileEncoding = 4; lastKnownFileType = text; path = .gitignore; sourceTree = SOURCE_ROOT; };
		A26D37B42233190B0028A6FF /* Pods_BestPrice.framework */ = {isa = PBXFileReference; explicitFileType = wrapper.framework; path = Pods_BestPrice.framework; sourceTree = BUILT_PRODUCTS_DIR; };
		A2AD81EC22339B9200C340EC /* Images.xcassets */ = {isa = PBXFileReference; lastKnownFileType = folder.assetcatalog; path = Images.xcassets; sourceTree = "<group>"; };
		A2AD81F02234449300C340EC /* ShopsViewController.swift */ = {isa = PBXFileReference; lastKnownFileType = sourcecode.swift; path = ShopsViewController.swift; sourceTree = "<group>"; };
		A2AD81F2223444CD00C340EC /* Merchandize.swift */ = {isa = PBXFileReference; lastKnownFileType = sourcecode.swift; path = Merchandize.swift; sourceTree = "<group>"; };
		A2AD81F4223444EE00C340EC /* Retailer.swift */ = {isa = PBXFileReference; lastKnownFileType = sourcecode.swift; path = Retailer.swift; sourceTree = "<group>"; };
		A2AD81F62234454800C340EC /* UPCInputViewController.swift */ = {isa = PBXFileReference; lastKnownFileType = sourcecode.swift; path = UPCInputViewController.swift; sourceTree = "<group>"; };
		A2AD81F82234528600C340EC /* ShopCardCollectionViewCell.swift */ = {isa = PBXFileReference; lastKnownFileType = sourcecode.swift; path = ShopCardCollectionViewCell.swift; sourceTree = "<group>"; };
		A2AD81FA223473C200C340EC /* ItemDetailViewController.swift */ = {isa = PBXFileReference; lastKnownFileType = sourcecode.swift; path = ItemDetailViewController.swift; sourceTree = "<group>"; };
		A2FB40582235B617006E5746 /* WebViewController.swift */ = {isa = PBXFileReference; lastKnownFileType = sourcecode.swift; path = WebViewController.swift; sourceTree = "<group>"; };
		A2FB405B2236E9F0006E5746 /* GoogleService-Info.plist */ = {isa = PBXFileReference; fileEncoding = 4; lastKnownFileType = text.plist.xml; path = "GoogleService-Info.plist"; sourceTree = "<group>"; };
		A2FB405D2236EA4A006E5746 /* RegisterViewController.swift */ = {isa = PBXFileReference; fileEncoding = 4; lastKnownFileType = sourcecode.swift; path = RegisterViewController.swift; sourceTree = "<group>"; };
		A2FB405E2236EA4A006E5746 /* FBSDKLoginButton.swift */ = {isa = PBXFileReference; fileEncoding = 4; lastKnownFileType = sourcecode.swift; path = FBSDKLoginButton.swift; sourceTree = "<group>"; };
		A2FB405F2236EA4A006E5746 /* LoginViewController.swift */ = {isa = PBXFileReference; fileEncoding = 4; lastKnownFileType = sourcecode.swift; path = LoginViewController.swift; sourceTree = "<group>"; };
		A2FB40602236EA4A006E5746 /* UserViewController.swift */ = {isa = PBXFileReference; fileEncoding = 4; lastKnownFileType = sourcecode.swift; path = UserViewController.swift; sourceTree = "<group>"; };
		A2FB40612236EA4A006E5746 /* InAppViewController.swift */ = {isa = PBXFileReference; fileEncoding = 4; lastKnownFileType = sourcecode.swift; path = InAppViewController.swift; sourceTree = "<group>"; };
		A2FB40692236EDD2006E5746 /* shop1029.mov */ = {isa = PBXFileReference; lastKnownFileType = video.quicktime; path = shop1029.mov; sourceTree = "<group>"; };
		AB1623CF223814B400FF4CE6 /* AccountViewController.swift */ = {isa = PBXFileReference; lastKnownFileType = sourcecode.swift; path = AccountViewController.swift; sourceTree = "<group>"; };
		AB1623D12238337400FF4CE6 /* AccountNavigationViewController.swift */ = {isa = PBXFileReference; lastKnownFileType = sourcecode.swift; path = AccountNavigationViewController.swift; sourceTree = "<group>"; };
		AB1623D3223853D200FF4CE6 /* UserProfile.swift */ = {isa = PBXFileReference; lastKnownFileType = sourcecode.swift; path = UserProfile.swift; sourceTree = "<group>"; };
		AB572407223C0E54002365CF /* AltAccountViewController.swift */ = {isa = PBXFileReference; lastKnownFileType = sourcecode.swift; path = AltAccountViewController.swift; sourceTree = "<group>"; };
		BE33AA76223ADF3C00BA8C2B /* CameraScannerViewController.swift */ = {isa = PBXFileReference; lastKnownFileType = sourcecode.swift; path = CameraScannerViewController.swift; sourceTree = "<group>"; };
		E95BF6AEC547A446A717EAF4 /* Pods_BestPrice.framework */ = {isa = PBXFileReference; explicitFileType = wrapper.framework; includeInIndex = 0; path = Pods_BestPrice.framework; sourceTree = BUILT_PRODUCTS_DIR; };
		EC4F5C5A445AEAF125955320 /* Pods-BestPrice.debug.xcconfig */ = {isa = PBXFileReference; includeInIndex = 1; lastKnownFileType = text.xcconfig; name = "Pods-BestPrice.debug.xcconfig"; path = "Target Support Files/Pods-BestPrice/Pods-BestPrice.debug.xcconfig"; sourceTree = "<group>"; };
/* End PBXFileReference section */

/* Begin PBXFrameworksBuildPhase section */
		A26D3798223304A70028A6FF /* Frameworks */ = {
			isa = PBXFrameworksBuildPhase;
			buildActionMask = 2147483647;
			files = (
				A26D37B52233190B0028A6FF /* Pods_BestPrice.framework in Frameworks */,
			);
			runOnlyForDeploymentPostprocessing = 0;
		};
/* End PBXFrameworksBuildPhase section */

/* Begin PBXGroup section */
		0DAEED712868A5440779CE57 /* Pods */ = {
			isa = PBXGroup;
			children = (
				EC4F5C5A445AEAF125955320 /* Pods-BestPrice.debug.xcconfig */,
				8503F7C36350375317634FBB /* Pods-BestPrice.release.xcconfig */,
			);
			path = Pods;
			sourceTree = "<group>";
		};
		95B7EF8356E83B31A9ACEA20 /* Frameworks */ = {
			isa = PBXGroup;
			children = (
				A26D37B42233190B0028A6FF /* Pods_BestPrice.framework */,
				E95BF6AEC547A446A717EAF4 /* Pods_BestPrice.framework */,
			);
			name = Frameworks;
			sourceTree = "<group>";
		};
		A26D3792223304A70028A6FF = {
			isa = PBXGroup;
			children = (
				A26D379D223304A70028A6FF /* BestPrice */,
				A26D379C223304A70028A6FF /* Products */,
				0DAEED712868A5440779CE57 /* Pods */,
				95B7EF8356E83B31A9ACEA20 /* Frameworks */,
			);
			sourceTree = "<group>";
		};
		A26D379C223304A70028A6FF /* Products */ = {
			isa = PBXGroup;
			children = (
				A26D379B223304A70028A6FF /* BestPrice.app */,
			);
			name = Products;
			sourceTree = "<group>";
		};
		A26D379D223304A70028A6FF /* BestPrice */ = {
			isa = PBXGroup;
			children = (
				BE33AA75223ADE4B00BA8C2B /* WillController */,
				A2FB405A2236E99B006E5746 /* JamesController */,
				A2AD81EB2233219300C340EC /* Controller */,
				A2AD81EA2233217900C340EC /* View */,
				A2AD81E92233216B00C340EC /* Model */,
				A26D37B222330D060028A6FF /* .gitignore */,
				A26D37B0223308E90028A6FF /* README.md */,
				A26D379E223304A70028A6FF /* AppDelegate.swift */,
				A26D37AA223304A80028A6FF /* Info.plist */,
				A2FB405B2236E9F0006E5746 /* GoogleService-Info.plist */,
				A2FB40692236EDD2006E5746 /* shop1029.mov */,
				A2AD81EC22339B9200C340EC /* Images.xcassets */,
			);
			path = BestPrice;
			sourceTree = "<group>";
		};
		A2AD81E92233216B00C340EC /* Model */ = {
			isa = PBXGroup;
			children = (
				A2AD81F2223444CD00C340EC /* Merchandize.swift */,
				AB1623D3223853D200FF4CE6 /* UserProfile.swift */,
				A2AD81F4223444EE00C340EC /* Retailer.swift */,
			);
			path = Model;
			sourceTree = "<group>";
		};
		A2AD81EA2233217900C340EC /* View */ = {
			isa = PBXGroup;
			children = (
				A26D37A2223304A70028A6FF /* Main.storyboard */,
				A26D37A7223304A80028A6FF /* LaunchScreen.storyboard */,
			);
			path = View;
			sourceTree = "<group>";
		};
		A2AD81EB2233219300C340EC /* Controller */ = {
			isa = PBXGroup;
			children = (
				AB572407223C0E54002365CF /* AltAccountViewController.swift */,
				A26D37A0223304A70028A6FF /* FavoriteViewController.swift */,
				A2AD81F02234449300C340EC /* ShopsViewController.swift */,
				AB1623D12238337400FF4CE6 /* AccountNavigationViewController.swift */,
				A2AD81F62234454800C340EC /* UPCInputViewController.swift */,
				A2AD81F82234528600C340EC /* ShopCardCollectionViewCell.swift */,
				A2AD81FA223473C200C340EC /* ItemDetailViewController.swift */,
				A2FB40582235B617006E5746 /* WebViewController.swift */,
				A20418BD223B207F003C401E /* FavoriteTableViewCell.swift */,
			);
			path = Controller;
			sourceTree = "<group>";
		};
		A2FB405A2236E99B006E5746 /* JamesController */ = {
			isa = PBXGroup;
			children = (
				AB1623CF223814B400FF4CE6 /* AccountViewController.swift */,
				A2FB405E2236EA4A006E5746 /* FBSDKLoginButton.swift */,
				A2FB40612236EA4A006E5746 /* InAppViewController.swift */,
				A2FB405F2236EA4A006E5746 /* LoginViewController.swift */,
				A2FB405D2236EA4A006E5746 /* RegisterViewController.swift */,
				A2FB40602236EA4A006E5746 /* UserViewController.swift */,
			);
			path = JamesController;
			sourceTree = "<group>";
		};
		BE33AA75223ADE4B00BA8C2B /* WillController */ = {
			isa = PBXGroup;
			children = (
				BE33AA76223ADF3C00BA8C2B /* CameraScannerViewController.swift */,
			);
			path = WillController;
			sourceTree = "<group>";
		};
/* End PBXGroup section */

/* Begin PBXNativeTarget section */
		A26D379A223304A70028A6FF /* BestPrice */ = {
			isa = PBXNativeTarget;
			buildConfigurationList = A26D37AD223304A80028A6FF /* Build configuration list for PBXNativeTarget "BestPrice" */;
			buildPhases = (
				1E1AF65B848DEB128D8C5FB6 /* [CP] Check Pods Manifest.lock */,
				A26D3797223304A70028A6FF /* Sources */,
				A26D3798223304A70028A6FF /* Frameworks */,
				A26D3799223304A70028A6FF /* Resources */,
				0CE91DF495982E3A28064005 /* [CP] Embed Pods Frameworks */,
			);
			buildRules = (
			);
			dependencies = (
			);
			name = BestPrice;
			productName = BestPrice;
			productReference = A26D379B223304A70028A6FF /* BestPrice.app */;
			productType = "com.apple.product-type.application";
		};
/* End PBXNativeTarget section */

/* Begin PBXProject section */
		A26D3793223304A70028A6FF /* Project object */ = {
			isa = PBXProject;
			attributes = {
				LastSwiftUpdateCheck = 1020;
				LastUpgradeCheck = 1020;
				ORGANIZATIONNAME = "Harry Chen";
				TargetAttributes = {
					A26D379A223304A70028A6FF = {
						CreatedOnToolsVersion = 10.2;
					};
				};
			};
			buildConfigurationList = A26D3796223304A70028A6FF /* Build configuration list for PBXProject "BestPrice" */;
			compatibilityVersion = "Xcode 9.3";
			developmentRegion = en;
			hasScannedForEncodings = 0;
			knownRegions = (
				en,
				Base,
			);
			mainGroup = A26D3792223304A70028A6FF;
			productRefGroup = A26D379C223304A70028A6FF /* Products */;
			projectDirPath = "";
			projectRoot = "";
			targets = (
				A26D379A223304A70028A6FF /* BestPrice */,
			);
		};
/* End PBXProject section */

/* Begin PBXResourcesBuildPhase section */
		A26D3799223304A70028A6FF /* Resources */ = {
			isa = PBXResourcesBuildPhase;
			buildActionMask = 2147483647;
			files = (
				A26D37B322330D060028A6FF /* .gitignore in Resources */,
				A26D37A9223304A80028A6FF /* LaunchScreen.storyboard in Resources */,
				A2FB406A2236EDD2006E5746 /* shop1029.mov in Resources */,
				A26D37B1223308E90028A6FF /* README.md in Resources */,
				A26D37A4223304A70028A6FF /* Main.storyboard in Resources */,
				A2AD81ED22339B9200C340EC /* Images.xcassets in Resources */,
				A2FB405C2236E9F0006E5746 /* GoogleService-Info.plist in Resources */,
			);
			runOnlyForDeploymentPostprocessing = 0;
		};
/* End PBXResourcesBuildPhase section */

/* Begin PBXShellScriptBuildPhase section */
		0CE91DF495982E3A28064005 /* [CP] Embed Pods Frameworks */ = {
			isa = PBXShellScriptBuildPhase;
			buildActionMask = 2147483647;
			files = (
			);
			inputFileListPaths = (
			);
			inputPaths = (
				"${PODS_ROOT}/Target Support Files/Pods-BestPrice/Pods-BestPrice-frameworks.sh",
				"${BUILT_PRODUCTS_DIR}/Alamofire/Alamofire.framework",
				"${BUILT_PRODUCTS_DIR}/Bolts/Bolts.framework",
				"${BUILT_PRODUCTS_DIR}/FBSDKCoreKit/FBSDKCoreKit.framework",
				"${BUILT_PRODUCTS_DIR}/FBSDKLoginKit/FBSDKLoginKit.framework",
				"${BUILT_PRODUCTS_DIR}/GTMSessionFetcher/GTMSessionFetcher.framework",
				"${BUILT_PRODUCTS_DIR}/GoogleUtilities/GoogleUtilities.framework",
				"${BUILT_PRODUCTS_DIR}/SwiftyJSON/SwiftyJSON.framework",
				"${BUILT_PRODUCTS_DIR}/WBLoadingIndicatorView/WBLoadingIndicatorView.framework",
				"${BUILT_PRODUCTS_DIR}/leveldb-library/leveldb.framework",
				"${BUILT_PRODUCTS_DIR}/nanopb/nanopb.framework",
			);
			name = "[CP] Embed Pods Frameworks";
			outputFileListPaths = (
			);
			outputPaths = (
				"${TARGET_BUILD_DIR}/${FRAMEWORKS_FOLDER_PATH}/Alamofire.framework",
				"${TARGET_BUILD_DIR}/${FRAMEWORKS_FOLDER_PATH}/Bolts.framework",
				"${TARGET_BUILD_DIR}/${FRAMEWORKS_FOLDER_PATH}/FBSDKCoreKit.framework",
				"${TARGET_BUILD_DIR}/${FRAMEWORKS_FOLDER_PATH}/FBSDKLoginKit.framework",
				"${TARGET_BUILD_DIR}/${FRAMEWORKS_FOLDER_PATH}/GTMSessionFetcher.framework",
				"${TARGET_BUILD_DIR}/${FRAMEWORKS_FOLDER_PATH}/GoogleUtilities.framework",
				"${TARGET_BUILD_DIR}/${FRAMEWORKS_FOLDER_PATH}/SwiftyJSON.framework",
				"${TARGET_BUILD_DIR}/${FRAMEWORKS_FOLDER_PATH}/WBLoadingIndicatorView.framework",
				"${TARGET_BUILD_DIR}/${FRAMEWORKS_FOLDER_PATH}/leveldb.framework",
				"${TARGET_BUILD_DIR}/${FRAMEWORKS_FOLDER_PATH}/nanopb.framework",
			);
			runOnlyForDeploymentPostprocessing = 0;
			shellPath = /bin/sh;
			shellScript = "\"${PODS_ROOT}/Target Support Files/Pods-BestPrice/Pods-BestPrice-frameworks.sh\"\n";
			showEnvVarsInLog = 0;
		};
		1E1AF65B848DEB128D8C5FB6 /* [CP] Check Pods Manifest.lock */ = {
			isa = PBXShellScriptBuildPhase;
			buildActionMask = 2147483647;
			files = (
			);
			inputFileListPaths = (
			);
			inputPaths = (
				"${PODS_PODFILE_DIR_PATH}/Podfile.lock",
				"${PODS_ROOT}/Manifest.lock",
			);
			name = "[CP] Check Pods Manifest.lock";
			outputFileListPaths = (
			);
			outputPaths = (
				"$(DERIVED_FILE_DIR)/Pods-BestPrice-checkManifestLockResult.txt",
			);
			runOnlyForDeploymentPostprocessing = 0;
			shellPath = /bin/sh;
			shellScript = "diff \"${PODS_PODFILE_DIR_PATH}/Podfile.lock\" \"${PODS_ROOT}/Manifest.lock\" > /dev/null\nif [ $? != 0 ] ; then\n    # print error to STDERR\n    echo \"error: The sandbox is not in sync with the Podfile.lock. Run 'pod install' or update your CocoaPods installation.\" >&2\n    exit 1\nfi\n# This output is used by Xcode 'outputs' to avoid re-running this script phase.\necho \"SUCCESS\" > \"${SCRIPT_OUTPUT_FILE_0}\"\n";
			showEnvVarsInLog = 0;
		};
/* End PBXShellScriptBuildPhase section */

/* Begin PBXSourcesBuildPhase section */
		A26D3797223304A70028A6FF /* Sources */ = {
			isa = PBXSourcesBuildPhase;
			buildActionMask = 2147483647;
			files = (
				A2FB40642236EA4A006E5746 /* LoginViewController.swift in Sources */,
				A2AD81F5223444EE00C340EC /* Retailer.swift in Sources */,
				A2FB40652236EA4A006E5746 /* UserViewController.swift in Sources */,
				A20418BE223B207F003C401E /* FavoriteTableViewCell.swift in Sources */,
				A2FB40622236EA4A006E5746 /* RegisterViewController.swift in Sources */,
				A2FB40592235B617006E5746 /* WebViewController.swift in Sources */,
				A2FB40662236EA4A006E5746 /* InAppViewController.swift in Sources */,
				A26D37A1223304A70028A6FF /* FavoriteViewController.swift in Sources */,
				A2FB40632236EA4A006E5746 /* FBSDKLoginButton.swift in Sources */,
				A2AD81FB223473C200C340EC /* ItemDetailViewController.swift in Sources */,
				AB572408223C0E54002365CF /* AltAccountViewController.swift in Sources */,
				A2AD81F72234454800C340EC /* UPCInputViewController.swift in Sources */,
				A2AD81F12234449300C340EC /* ShopsViewController.swift in Sources */,
				AB1623D0223814B400FF4CE6 /* AccountViewController.swift in Sources */,
				AB1623D22238337400FF4CE6 /* AccountNavigationViewController.swift in Sources */,
				A2AD81F92234528600C340EC /* ShopCardCollectionViewCell.swift in Sources */,
				A2AD81F3223444CD00C340EC /* Merchandize.swift in Sources */,
				A26D379F223304A70028A6FF /* AppDelegate.swift in Sources */,
				BE33AA77223ADF3C00BA8C2B /* CameraScannerViewController.swift in Sources */,
				AB1623D4223853D200FF4CE6 /* UserProfile.swift in Sources */,
			);
			runOnlyForDeploymentPostprocessing = 0;
		};
/* End PBXSourcesBuildPhase section */

/* Begin PBXVariantGroup section */
		A26D37A2223304A70028A6FF /* Main.storyboard */ = {
			isa = PBXVariantGroup;
			children = (
				A26D37A3223304A70028A6FF /* Base */,
			);
			name = Main.storyboard;
			sourceTree = "<group>";
		};
		A26D37A7223304A80028A6FF /* LaunchScreen.storyboard */ = {
			isa = PBXVariantGroup;
			children = (
				A26D37A8223304A80028A6FF /* Base */,
			);
			name = LaunchScreen.storyboard;
			sourceTree = "<group>";
		};
/* End PBXVariantGroup section */

/* Begin XCBuildConfiguration section */
		A26D37AB223304A80028A6FF /* Debug */ = {
			isa = XCBuildConfiguration;
			buildSettings = {
				ALWAYS_SEARCH_USER_PATHS = NO;
				CLANG_ANALYZER_NONNULL = YES;
				CLANG_ANALYZER_NUMBER_OBJECT_CONVERSION = YES_AGGRESSIVE;
				CLANG_CXX_LANGUAGE_STANDARD = "gnu++14";
				CLANG_CXX_LIBRARY = "libc++";
				CLANG_ENABLE_MODULES = YES;
				CLANG_ENABLE_OBJC_ARC = YES;
				CLANG_ENABLE_OBJC_WEAK = YES;
				CLANG_WARN_BLOCK_CAPTURE_AUTORELEASING = YES;
				CLANG_WARN_BOOL_CONVERSION = YES;
				CLANG_WARN_COMMA = YES;
				CLANG_WARN_CONSTANT_CONVERSION = YES;
				CLANG_WARN_DEPRECATED_OBJC_IMPLEMENTATIONS = YES;
				CLANG_WARN_DIRECT_OBJC_ISA_USAGE = YES_ERROR;
				CLANG_WARN_DOCUMENTATION_COMMENTS = YES;
				CLANG_WARN_EMPTY_BODY = YES;
				CLANG_WARN_ENUM_CONVERSION = YES;
				CLANG_WARN_INFINITE_RECURSION = YES;
				CLANG_WARN_INT_CONVERSION = YES;
				CLANG_WARN_NON_LITERAL_NULL_CONVERSION = YES;
				CLANG_WARN_OBJC_IMPLICIT_RETAIN_SELF = YES;
				CLANG_WARN_OBJC_LITERAL_CONVERSION = YES;
				CLANG_WARN_OBJC_ROOT_CLASS = YES_ERROR;
				CLANG_WARN_RANGE_LOOP_ANALYSIS = YES;
				CLANG_WARN_STRICT_PROTOTYPES = YES;
				CLANG_WARN_SUSPICIOUS_MOVE = YES;
				CLANG_WARN_UNGUARDED_AVAILABILITY = YES_AGGRESSIVE;
				CLANG_WARN_UNREACHABLE_CODE = YES;
				CLANG_WARN__DUPLICATE_METHOD_MATCH = YES;
				CODE_SIGN_IDENTITY = "iPhone Developer";
				COPY_PHASE_STRIP = NO;
				DEBUG_INFORMATION_FORMAT = dwarf;
				ENABLE_STRICT_OBJC_MSGSEND = YES;
				ENABLE_TESTABILITY = YES;
				GCC_C_LANGUAGE_STANDARD = gnu11;
				GCC_DYNAMIC_NO_PIC = NO;
				GCC_NO_COMMON_BLOCKS = YES;
				GCC_OPTIMIZATION_LEVEL = 0;
				GCC_PREPROCESSOR_DEFINITIONS = (
					"DEBUG=1",
					"$(inherited)",
				);
				GCC_WARN_64_TO_32_BIT_CONVERSION = YES;
				GCC_WARN_ABOUT_RETURN_TYPE = YES_ERROR;
				GCC_WARN_UNDECLARED_SELECTOR = YES;
				GCC_WARN_UNINITIALIZED_AUTOS = YES_AGGRESSIVE;
				GCC_WARN_UNUSED_FUNCTION = YES;
				GCC_WARN_UNUSED_VARIABLE = YES;
				IPHONEOS_DEPLOYMENT_TARGET = 12.2;
				MTL_ENABLE_DEBUG_INFO = INCLUDE_SOURCE;
				MTL_FAST_MATH = YES;
				ONLY_ACTIVE_ARCH = YES;
				SDKROOT = iphoneos;
				SWIFT_ACTIVE_COMPILATION_CONDITIONS = DEBUG;
				SWIFT_OPTIMIZATION_LEVEL = "-Onone";
			};
			name = Debug;
		};
		A26D37AC223304A80028A6FF /* Release */ = {
			isa = XCBuildConfiguration;
			buildSettings = {
				ALWAYS_SEARCH_USER_PATHS = NO;
				CLANG_ANALYZER_NONNULL = YES;
				CLANG_ANALYZER_NUMBER_OBJECT_CONVERSION = YES_AGGRESSIVE;
				CLANG_CXX_LANGUAGE_STANDARD = "gnu++14";
				CLANG_CXX_LIBRARY = "libc++";
				CLANG_ENABLE_MODULES = YES;
				CLANG_ENABLE_OBJC_ARC = YES;
				CLANG_ENABLE_OBJC_WEAK = YES;
				CLANG_WARN_BLOCK_CAPTURE_AUTORELEASING = YES;
				CLANG_WARN_BOOL_CONVERSION = YES;
				CLANG_WARN_COMMA = YES;
				CLANG_WARN_CONSTANT_CONVERSION = YES;
				CLANG_WARN_DEPRECATED_OBJC_IMPLEMENTATIONS = YES;
				CLANG_WARN_DIRECT_OBJC_ISA_USAGE = YES_ERROR;
				CLANG_WARN_DOCUMENTATION_COMMENTS = YES;
				CLANG_WARN_EMPTY_BODY = YES;
				CLANG_WARN_ENUM_CONVERSION = YES;
				CLANG_WARN_INFINITE_RECURSION = YES;
				CLANG_WARN_INT_CONVERSION = YES;
				CLANG_WARN_NON_LITERAL_NULL_CONVERSION = YES;
				CLANG_WARN_OBJC_IMPLICIT_RETAIN_SELF = YES;
				CLANG_WARN_OBJC_LITERAL_CONVERSION = YES;
				CLANG_WARN_OBJC_ROOT_CLASS = YES_ERROR;
				CLANG_WARN_RANGE_LOOP_ANALYSIS = YES;
				CLANG_WARN_STRICT_PROTOTYPES = YES;
				CLANG_WARN_SUSPICIOUS_MOVE = YES;
				CLANG_WARN_UNGUARDED_AVAILABILITY = YES_AGGRESSIVE;
				CLANG_WARN_UNREACHABLE_CODE = YES;
				CLANG_WARN__DUPLICATE_METHOD_MATCH = YES;
				CODE_SIGN_IDENTITY = "iPhone Developer";
				COPY_PHASE_STRIP = NO;
				DEBUG_INFORMATION_FORMAT = "dwarf-with-dsym";
				ENABLE_NS_ASSERTIONS = NO;
				ENABLE_STRICT_OBJC_MSGSEND = YES;
				GCC_C_LANGUAGE_STANDARD = gnu11;
				GCC_NO_COMMON_BLOCKS = YES;
				GCC_WARN_64_TO_32_BIT_CONVERSION = YES;
				GCC_WARN_ABOUT_RETURN_TYPE = YES_ERROR;
				GCC_WARN_UNDECLARED_SELECTOR = YES;
				GCC_WARN_UNINITIALIZED_AUTOS = YES_AGGRESSIVE;
				GCC_WARN_UNUSED_FUNCTION = YES;
				GCC_WARN_UNUSED_VARIABLE = YES;
				IPHONEOS_DEPLOYMENT_TARGET = 12.2;
				MTL_ENABLE_DEBUG_INFO = NO;
				MTL_FAST_MATH = YES;
				SDKROOT = iphoneos;
				SWIFT_COMPILATION_MODE = wholemodule;
				SWIFT_OPTIMIZATION_LEVEL = "-O";
				VALIDATE_PRODUCT = YES;
			};
			name = Release;
		};
		A26D37AE223304A80028A6FF /* Debug */ = {
			isa = XCBuildConfiguration;
			baseConfigurationReference = EC4F5C5A445AEAF125955320 /* Pods-BestPrice.debug.xcconfig */;
			buildSettings = {
				ASSETCATALOG_COMPILER_APPICON_NAME = AppIcon;
				ASSETCATALOG_COMPILER_LAUNCHIMAGE_NAME = LaunchImage;
				CODE_SIGN_STYLE = Automatic;
				DEVELOPMENT_TEAM = MQ79U7S5FQ;
				INFOPLIST_FILE = BestPrice/Info.plist;
				IPHONEOS_DEPLOYMENT_TARGET = 12.1;
				LD_RUNPATH_SEARCH_PATHS = (
					"$(inherited)",
					"@executable_path/Frameworks",
				);
				PRODUCT_BUNDLE_IDENTIFIER = HJW.BestPrice;
				PRODUCT_NAME = "$(TARGET_NAME)";
				SWIFT_REFLECTION_METADATA_LEVEL = none;
				SWIFT_VERSION = 4.2;
				TARGETED_DEVICE_FAMILY = "1,2";
			};
			name = Debug;
		};
		A26D37AF223304A80028A6FF /* Release */ = {
			isa = XCBuildConfiguration;
			baseConfigurationReference = 8503F7C36350375317634FBB /* Pods-BestPrice.release.xcconfig */;
			buildSettings = {
				ASSETCATALOG_COMPILER_APPICON_NAME = AppIcon;
				ASSETCATALOG_COMPILER_LAUNCHIMAGE_NAME = LaunchImage;
				CODE_SIGN_STYLE = Automatic;
				DEVELOPMENT_TEAM = MQ79U7S5FQ;
				INFOPLIST_FILE = BestPrice/Info.plist;
				IPHONEOS_DEPLOYMENT_TARGET = 12.1;
				LD_RUNPATH_SEARCH_PATHS = (
					"$(inherited)",
					"@executable_path/Frameworks",
				);
				PRODUCT_BUNDLE_IDENTIFIER = HJW.BestPrice;
				PRODUCT_NAME = "$(TARGET_NAME)";
				SWIFT_REFLECTION_METADATA_LEVEL = none;
				SWIFT_VERSION = 4.2;
				TARGETED_DEVICE_FAMILY = "1,2";
			};
			name = Release;
		};
/* End XCBuildConfiguration section */

/* Begin XCConfigurationList section */
		A26D3796223304A70028A6FF /* Build configuration list for PBXProject "BestPrice" */ = {
			isa = XCConfigurationList;
			buildConfigurations = (
				A26D37AB223304A80028A6FF /* Debug */,
				A26D37AC223304A80028A6FF /* Release */,
			);
			defaultConfigurationIsVisible = 0;
			defaultConfigurationName = Release;
		};
		A26D37AD223304A80028A6FF /* Build configuration list for PBXNativeTarget "BestPrice" */ = {
			isa = XCConfigurationList;
			buildConfigurations = (
				A26D37AE223304A80028A6FF /* Debug */,
				A26D37AF223304A80028A6FF /* Release */,
			);
			defaultConfigurationIsVisible = 0;
			defaultConfigurationName = Release;
		};
/* End XCConfigurationList section */
	};
	rootObject = A26D3793223304A70028A6FF /* Project object */;
}
